// !$*UTF8*$!
{
	archiveVersion = 1;
	classes = {
	};
	objectVersion = 46;
	objects = {

/* Begin PBXBuildFile section */
		6411C7811DCC5DDF00159F47 /* MainFirstTableViewCell.m in Sources */ = {isa = PBXBuildFile; fileRef = 6411C77F1DCC5DDF00159F47 /* MainFirstTableViewCell.m */; };
		6411C7821DCC5DDF00159F47 /* MainFirstTableViewCell.xib in Resources */ = {isa = PBXBuildFile; fileRef = 6411C7801DCC5DDF00159F47 /* MainFirstTableViewCell.xib */; };
		6411C7861DCC614700159F47 /* MainSecondTableViewCell.m in Sources */ = {isa = PBXBuildFile; fileRef = 6411C7841DCC614700159F47 /* MainSecondTableViewCell.m */; };
		6411C7871DCC614700159F47 /* MainSecondTableViewCell.xib in Resources */ = {isa = PBXBuildFile; fileRef = 6411C7851DCC614700159F47 /* MainSecondTableViewCell.xib */; };
		6411C78B1DCC680300159F47 /* MainThirdTableViewCell.m in Sources */ = {isa = PBXBuildFile; fileRef = 6411C7891DCC680300159F47 /* MainThirdTableViewCell.m */; };
		6411C78C1DCC680300159F47 /* MainThirdTableViewCell.xib in Resources */ = {isa = PBXBuildFile; fileRef = 6411C78A1DCC680300159F47 /* MainThirdTableViewCell.xib */; };
		6411C7901DCC6C6400159F47 /* MainFourthTableViewCell.m in Sources */ = {isa = PBXBuildFile; fileRef = 6411C78E1DCC6C6400159F47 /* MainFourthTableViewCell.m */; };
		6411C7911DCC6C6400159F47 /* MainFourthTableViewCell.xib in Resources */ = {isa = PBXBuildFile; fileRef = 6411C78F1DCC6C6400159F47 /* MainFourthTableViewCell.xib */; };
		6411C7B31DCC6F9F00159F47 /* LICENSE in Resources */ = {isa = PBXBuildFile; fileRef = 6411C7931DCC6F9F00159F47 /* LICENSE */; };
		6411C7B41DCC6F9F00159F47 /* README.md in Sources */ = {isa = PBXBuildFile; fileRef = 6411C7941DCC6F9F00159F47 /* README.md */; };
		6411C7B51DCC6F9F00159F47 /* NSData+ImageContentType.m in Sources */ = {isa = PBXBuildFile; fileRef = 6411C7971DCC6F9F00159F47 /* NSData+ImageContentType.m */; };
		6411C7B61DCC6F9F00159F47 /* SDImageCache.m in Sources */ = {isa = PBXBuildFile; fileRef = 6411C7991DCC6F9F00159F47 /* SDImageCache.m */; };
		6411C7B71DCC6F9F00159F47 /* SDWebImageCompat.m in Sources */ = {isa = PBXBuildFile; fileRef = 6411C79B1DCC6F9F00159F47 /* SDWebImageCompat.m */; };
		6411C7B81DCC6F9F00159F47 /* SDWebImageDecoder.m in Sources */ = {isa = PBXBuildFile; fileRef = 6411C79D1DCC6F9F00159F47 /* SDWebImageDecoder.m */; };
		6411C7B91DCC6F9F00159F47 /* SDWebImageDownloader.m in Sources */ = {isa = PBXBuildFile; fileRef = 6411C79F1DCC6F9F00159F47 /* SDWebImageDownloader.m */; };
		6411C7BA1DCC6F9F00159F47 /* SDWebImageDownloaderOperation.m in Sources */ = {isa = PBXBuildFile; fileRef = 6411C7A11DCC6F9F00159F47 /* SDWebImageDownloaderOperation.m */; };
		6411C7BB1DCC6F9F00159F47 /* SDWebImageManager.m in Sources */ = {isa = PBXBuildFile; fileRef = 6411C7A31DCC6F9F00159F47 /* SDWebImageManager.m */; };
		6411C7BC1DCC6F9F00159F47 /* SDWebImagePrefetcher.m in Sources */ = {isa = PBXBuildFile; fileRef = 6411C7A61DCC6F9F00159F47 /* SDWebImagePrefetcher.m */; };
		6411C7BD1DCC6F9F00159F47 /* UIButton+WebCache.m in Sources */ = {isa = PBXBuildFile; fileRef = 6411C7A81DCC6F9F00159F47 /* UIButton+WebCache.m */; };
		6411C7BE1DCC6F9F00159F47 /* UIImage+GIF.m in Sources */ = {isa = PBXBuildFile; fileRef = 6411C7AA1DCC6F9F00159F47 /* UIImage+GIF.m */; };
		6411C7BF1DCC6F9F00159F47 /* UIImage+MultiFormat.m in Sources */ = {isa = PBXBuildFile; fileRef = 6411C7AC1DCC6F9F00159F47 /* UIImage+MultiFormat.m */; };
		6411C7C01DCC6F9F00159F47 /* UIImageView+HighlightedWebCache.m in Sources */ = {isa = PBXBuildFile; fileRef = 6411C7AE1DCC6F9F00159F47 /* UIImageView+HighlightedWebCache.m */; };
		6411C7C11DCC6F9F00159F47 /* UIImageView+WebCache.m in Sources */ = {isa = PBXBuildFile; fileRef = 6411C7B01DCC6F9F00159F47 /* UIImageView+WebCache.m */; };
		6411C7C21DCC6F9F00159F47 /* UIView+WebCacheOperation.m in Sources */ = {isa = PBXBuildFile; fileRef = 6411C7B21DCC6F9F00159F47 /* UIView+WebCacheOperation.m */; };
		6411C7C51DCC73A500159F47 /* UIButton+EdgesInsets.m in Sources */ = {isa = PBXBuildFile; fileRef = 6411C7C41DCC73A500159F47 /* UIButton+EdgesInsets.m */; };
		6411C7CC1DCC8A3B00159F47 /* UIView+Category.m in Sources */ = {isa = PBXBuildFile; fileRef = 6411C7CB1DCC8A3B00159F47 /* UIView+Category.m */; };
		6411C7CF1DCC8B0500159F47 /* SearchView.m in Sources */ = {isa = PBXBuildFile; fileRef = 6411C7CE1DCC8B0500159F47 /* SearchView.m */; };
		64D682E41DC99181009C0B27 /* BaseViewController.m in Sources */ = {isa = PBXBuildFile; fileRef = 64D682E31DC99181009C0B27 /* BaseViewController.m */; };
		64D682E71DC99287009C0B27 /* RootViewController.m in Sources */ = {isa = PBXBuildFile; fileRef = 64D682E61DC99287009C0B27 /* RootViewController.m */; };
		64D682EA1DC997CB009C0B27 /* BaseNavViewController.m in Sources */ = {isa = PBXBuildFile; fileRef = 64D682E91DC997CB009C0B27 /* BaseNavViewController.m */; };
		64D682ED1DC9B68D009C0B27 /* MainViewController.m in Sources */ = {isa = PBXBuildFile; fileRef = 64D682EC1DC9B68D009C0B27 /* MainViewController.m */; };
		64D682F21DC9B759009C0B27 /* MessageViewController.m in Sources */ = {isa = PBXBuildFile; fileRef = 64D682F11DC9B759009C0B27 /* MessageViewController.m */; };
		64F0532E1DCB1660002BC965 /* LoginViewController.m in Sources */ = {isa = PBXBuildFile; fileRef = 64F0532C1DCB1660002BC965 /* LoginViewController.m */; };
		64F0532F1DCB1660002BC965 /* LoginViewController.xib in Resources */ = {isa = PBXBuildFile; fileRef = 64F0532D1DCB1660002BC965 /* LoginViewController.xib */; };
		64F053331DCB16C7002BC965 /* MyViewController.m in Sources */ = {isa = PBXBuildFile; fileRef = 64F053321DCB16C7002BC965 /* MyViewController.m */; };
		64F148C51DD310C7001DB9D9 /* FMDatabase.m in Sources */ = {isa = PBXBuildFile; fileRef = 64F148BB1DD310C7001DB9D9 /* FMDatabase.m */; };
		64F148C61DD310C7001DB9D9 /* FMDatabaseAdditions.m in Sources */ = {isa = PBXBuildFile; fileRef = 64F148BD1DD310C7001DB9D9 /* FMDatabaseAdditions.m */; };
		64F148C71DD310C7001DB9D9 /* FMDatabasePool.m in Sources */ = {isa = PBXBuildFile; fileRef = 64F148BF1DD310C7001DB9D9 /* FMDatabasePool.m */; };
		64F148C81DD310C7001DB9D9 /* FMDatabaseQueue.m in Sources */ = {isa = PBXBuildFile; fileRef = 64F148C11DD310C7001DB9D9 /* FMDatabaseQueue.m */; };
		64F148C91DD310C7001DB9D9 /* FMResultSet.m in Sources */ = {isa = PBXBuildFile; fileRef = 64F148C41DD310C7001DB9D9 /* FMResultSet.m */; };
		64F148CC1DD310F2001DB9D9 /* libsqlite3.0.tbd in Frameworks */ = {isa = PBXBuildFile; fileRef = 64F148CB1DD310F2001DB9D9 /* libsqlite3.0.tbd */; };
		64F148D01DD31161001DB9D9 /* FLFmdbTool.m in Sources */ = {isa = PBXBuildFile; fileRef = 64F148CF1DD31161001DB9D9 /* FLFmdbTool.m */; };
		64F148D41DD31265001DB9D9 /* FLPhoneLoginModel.m in Sources */ = {isa = PBXBuildFile; fileRef = 64F148D31DD31265001DB9D9 /* FLPhoneLoginModel.m */; };
		64F148D71DD31410001DB9D9 /* PhoneLoginUtils.m in Sources */ = {isa = PBXBuildFile; fileRef = 64F148D61DD31410001DB9D9 /* PhoneLoginUtils.m */; };
		64F22E451DD0109C006947E6 /* ForgetViewController.m in Sources */ = {isa = PBXBuildFile; fileRef = 64F22E431DD0109C006947E6 /* ForgetViewController.m */; };
		64F22E461DD0109C006947E6 /* ForgetViewController.xib in Resources */ = {isa = PBXBuildFile; fileRef = 64F22E441DD0109C006947E6 /* ForgetViewController.xib */; };
		64F668EB1DC9834E0091E026 /* main.m in Sources */ = {isa = PBXBuildFile; fileRef = 64F668EA1DC9834E0091E026 /* main.m */; };
		64F668EE1DC9834E0091E026 /* AppDelegate.m in Sources */ = {isa = PBXBuildFile; fileRef = 64F668ED1DC9834E0091E026 /* AppDelegate.m */; };
		64F668F11DC9834E0091E026 /* ViewController.m in Sources */ = {isa = PBXBuildFile; fileRef = 64F668F01DC9834E0091E026 /* ViewController.m */; };
		64F668F41DC9834E0091E026 /* Main.storyboard in Resources */ = {isa = PBXBuildFile; fileRef = 64F668F21DC9834E0091E026 /* Main.storyboard */; };
		64F668F61DC9834E0091E026 /* Assets.xcassets in Resources */ = {isa = PBXBuildFile; fileRef = 64F668F51DC9834E0091E026 /* Assets.xcassets */; };
		64F668F91DC9834E0091E026 /* LaunchScreen.storyboard in Resources */ = {isa = PBXBuildFile; fileRef = 64F668F71DC9834E0091E026 /* LaunchScreen.storyboard */; };
		64F669041DC9834E0091E026 /* e_HealthyTests.m in Sources */ = {isa = PBXBuildFile; fileRef = 64F669031DC9834E0091E026 /* e_HealthyTests.m */; };
		64F6690F1DC9834E0091E026 /* e_HealthyUITests.m in Sources */ = {isa = PBXBuildFile; fileRef = 64F6690E1DC9834E0091E026 /* e_HealthyUITests.m */; };
		64F754561DCC1D1B00B901D8 /* VerificationLoginViewController.m in Sources */ = {isa = PBXBuildFile; fileRef = 64F754541DCC1D1B00B901D8 /* VerificationLoginViewController.m */; };
		64F754571DCC1D1B00B901D8 /* VerificationLoginViewController.xib in Resources */ = {isa = PBXBuildFile; fileRef = 64F754551DCC1D1B00B901D8 /* VerificationLoginViewController.xib */; };
		64F7545B1DCC312B00B901D8 /* RegisterViewController.m in Sources */ = {isa = PBXBuildFile; fileRef = 64F754591DCC312B00B901D8 /* RegisterViewController.m */; };
		64F7545C1DCC312B00B901D8 /* RegisterViewController.xib in Resources */ = {isa = PBXBuildFile; fileRef = 64F7545A1DCC312B00B901D8 /* RegisterViewController.xib */; };
		64F754631DCC3DCF00B901D8 /* UIView+WidthAndCut.m in Sources */ = {isa = PBXBuildFile; fileRef = 64F754621DCC3DCF00B901D8 /* UIView+WidthAndCut.m */; };
		64F754951DCC57FC00B901D8 /* TAAbstractDotView.m in Sources */ = {isa = PBXBuildFile; fileRef = 64F754881DCC57FC00B901D8 /* TAAbstractDotView.m */; };
		64F754961DCC57FC00B901D8 /* TAAnimatedDotView.m in Sources */ = {isa = PBXBuildFile; fileRef = 64F7548A1DCC57FC00B901D8 /* TAAnimatedDotView.m */; };
		64F754971DCC57FC00B901D8 /* TADotView.m in Sources */ = {isa = PBXBuildFile; fileRef = 64F7548C1DCC57FC00B901D8 /* TADotView.m */; };
		64F754981DCC57FC00B901D8 /* TAPageControl.m in Sources */ = {isa = PBXBuildFile; fileRef = 64F7548E1DCC57FC00B901D8 /* TAPageControl.m */; };
		64F754991DCC57FC00B901D8 /* SDCollectionViewCell.m in Sources */ = {isa = PBXBuildFile; fileRef = 64F754901DCC57FC00B901D8 /* SDCollectionViewCell.m */; };
		64F7549A1DCC57FC00B901D8 /* SDCycleScrollView.m in Sources */ = {isa = PBXBuildFile; fileRef = 64F754921DCC57FC00B901D8 /* SDCycleScrollView.m */; };
		64F7549B1DCC57FC00B901D8 /* UIView+SDExtension.m in Sources */ = {isa = PBXBuildFile; fileRef = 64F754941DCC57FC00B901D8 /* UIView+SDExtension.m */; };
/* End PBXBuildFile section */

/* Begin PBXContainerItemProxy section */
		64F669001DC9834E0091E026 /* PBXContainerItemProxy */ = {
			isa = PBXContainerItemProxy;
			containerPortal = 64F668DE1DC9834E0091E026 /* Project object */;
			proxyType = 1;
			remoteGlobalIDString = 64F668E51DC9834E0091E026;
			remoteInfo = "e-Healthy";
		};
		64F6690B1DC9834E0091E026 /* PBXContainerItemProxy */ = {
			isa = PBXContainerItemProxy;
			containerPortal = 64F668DE1DC9834E0091E026 /* Project object */;
			proxyType = 1;
			remoteGlobalIDString = 64F668E51DC9834E0091E026;
			remoteInfo = "e-Healthy";
		};
/* End PBXContainerItemProxy section */

/* Begin PBXFileReference section */
		6411C77E1DCC5DDF00159F47 /* MainFirstTableViewCell.h */ = {isa = PBXFileReference; fileEncoding = 4; lastKnownFileType = sourcecode.c.h; path = MainFirstTableViewCell.h; sourceTree = "<group>"; };
		6411C77F1DCC5DDF00159F47 /* MainFirstTableViewCell.m */ = {isa = PBXFileReference; fileEncoding = 4; lastKnownFileType = sourcecode.c.objc; path = MainFirstTableViewCell.m; sourceTree = "<group>"; };
		6411C7801DCC5DDF00159F47 /* MainFirstTableViewCell.xib */ = {isa = PBXFileReference; fileEncoding = 4; lastKnownFileType = file.xib; path = MainFirstTableViewCell.xib; sourceTree = "<group>"; };
		6411C7831DCC614700159F47 /* MainSecondTableViewCell.h */ = {isa = PBXFileReference; fileEncoding = 4; lastKnownFileType = sourcecode.c.h; path = MainSecondTableViewCell.h; sourceTree = "<group>"; };
		6411C7841DCC614700159F47 /* MainSecondTableViewCell.m */ = {isa = PBXFileReference; fileEncoding = 4; lastKnownFileType = sourcecode.c.objc; path = MainSecondTableViewCell.m; sourceTree = "<group>"; };
		6411C7851DCC614700159F47 /* MainSecondTableViewCell.xib */ = {isa = PBXFileReference; fileEncoding = 4; lastKnownFileType = file.xib; path = MainSecondTableViewCell.xib; sourceTree = "<group>"; };
		6411C7881DCC680300159F47 /* MainThirdTableViewCell.h */ = {isa = PBXFileReference; fileEncoding = 4; lastKnownFileType = sourcecode.c.h; path = MainThirdTableViewCell.h; sourceTree = "<group>"; };
		6411C7891DCC680300159F47 /* MainThirdTableViewCell.m */ = {isa = PBXFileReference; fileEncoding = 4; lastKnownFileType = sourcecode.c.objc; path = MainThirdTableViewCell.m; sourceTree = "<group>"; };
		6411C78A1DCC680300159F47 /* MainThirdTableViewCell.xib */ = {isa = PBXFileReference; fileEncoding = 4; lastKnownFileType = file.xib; path = MainThirdTableViewCell.xib; sourceTree = "<group>"; };
		6411C78D1DCC6C6400159F47 /* MainFourthTableViewCell.h */ = {isa = PBXFileReference; fileEncoding = 4; lastKnownFileType = sourcecode.c.h; path = MainFourthTableViewCell.h; sourceTree = "<group>"; };
		6411C78E1DCC6C6400159F47 /* MainFourthTableViewCell.m */ = {isa = PBXFileReference; fileEncoding = 4; lastKnownFileType = sourcecode.c.objc; path = MainFourthTableViewCell.m; sourceTree = "<group>"; };
		6411C78F1DCC6C6400159F47 /* MainFourthTableViewCell.xib */ = {isa = PBXFileReference; fileEncoding = 4; lastKnownFileType = file.xib; path = MainFourthTableViewCell.xib; sourceTree = "<group>"; };
		6411C7931DCC6F9F00159F47 /* LICENSE */ = {isa = PBXFileReference; fileEncoding = 4; lastKnownFileType = text; path = LICENSE; sourceTree = "<group>"; };
		6411C7941DCC6F9F00159F47 /* README.md */ = {isa = PBXFileReference; fileEncoding = 4; lastKnownFileType = net.daringfireball.markdown; path = README.md; sourceTree = "<group>"; };
		6411C7961DCC6F9F00159F47 /* NSData+ImageContentType.h */ = {isa = PBXFileReference; fileEncoding = 4; lastKnownFileType = sourcecode.c.h; path = "NSData+ImageContentType.h"; sourceTree = "<group>"; };
		6411C7971DCC6F9F00159F47 /* NSData+ImageContentType.m */ = {isa = PBXFileReference; fileEncoding = 4; lastKnownFileType = sourcecode.c.objc; path = "NSData+ImageContentType.m"; sourceTree = "<group>"; };
		6411C7981DCC6F9F00159F47 /* SDImageCache.h */ = {isa = PBXFileReference; fileEncoding = 4; lastKnownFileType = sourcecode.c.h; path = SDImageCache.h; sourceTree = "<group>"; };
		6411C7991DCC6F9F00159F47 /* SDImageCache.m */ = {isa = PBXFileReference; fileEncoding = 4; lastKnownFileType = sourcecode.c.objc; path = SDImageCache.m; sourceTree = "<group>"; };
		6411C79A1DCC6F9F00159F47 /* SDWebImageCompat.h */ = {isa = PBXFileReference; fileEncoding = 4; lastKnownFileType = sourcecode.c.h; path = SDWebImageCompat.h; sourceTree = "<group>"; };
		6411C79B1DCC6F9F00159F47 /* SDWebImageCompat.m */ = {isa = PBXFileReference; fileEncoding = 4; lastKnownFileType = sourcecode.c.objc; path = SDWebImageCompat.m; sourceTree = "<group>"; };
		6411C79C1DCC6F9F00159F47 /* SDWebImageDecoder.h */ = {isa = PBXFileReference; fileEncoding = 4; lastKnownFileType = sourcecode.c.h; path = SDWebImageDecoder.h; sourceTree = "<group>"; };
		6411C79D1DCC6F9F00159F47 /* SDWebImageDecoder.m */ = {isa = PBXFileReference; fileEncoding = 4; lastKnownFileType = sourcecode.c.objc; path = SDWebImageDecoder.m; sourceTree = "<group>"; };
		6411C79E1DCC6F9F00159F47 /* SDWebImageDownloader.h */ = {isa = PBXFileReference; fileEncoding = 4; lastKnownFileType = sourcecode.c.h; path = SDWebImageDownloader.h; sourceTree = "<group>"; };
		6411C79F1DCC6F9F00159F47 /* SDWebImageDownloader.m */ = {isa = PBXFileReference; fileEncoding = 4; lastKnownFileType = sourcecode.c.objc; path = SDWebImageDownloader.m; sourceTree = "<group>"; };
		6411C7A01DCC6F9F00159F47 /* SDWebImageDownloaderOperation.h */ = {isa = PBXFileReference; fileEncoding = 4; lastKnownFileType = sourcecode.c.h; path = SDWebImageDownloaderOperation.h; sourceTree = "<group>"; };
		6411C7A11DCC6F9F00159F47 /* SDWebImageDownloaderOperation.m */ = {isa = PBXFileReference; fileEncoding = 4; lastKnownFileType = sourcecode.c.objc; path = SDWebImageDownloaderOperation.m; sourceTree = "<group>"; };
		6411C7A21DCC6F9F00159F47 /* SDWebImageManager.h */ = {isa = PBXFileReference; fileEncoding = 4; lastKnownFileType = sourcecode.c.h; path = SDWebImageManager.h; sourceTree = "<group>"; };
		6411C7A31DCC6F9F00159F47 /* SDWebImageManager.m */ = {isa = PBXFileReference; fileEncoding = 4; lastKnownFileType = sourcecode.c.objc; path = SDWebImageManager.m; sourceTree = "<group>"; };
		6411C7A41DCC6F9F00159F47 /* SDWebImageOperation.h */ = {isa = PBXFileReference; fileEncoding = 4; lastKnownFileType = sourcecode.c.h; path = SDWebImageOperation.h; sourceTree = "<group>"; };
		6411C7A51DCC6F9F00159F47 /* SDWebImagePrefetcher.h */ = {isa = PBXFileReference; fileEncoding = 4; lastKnownFileType = sourcecode.c.h; path = SDWebImagePrefetcher.h; sourceTree = "<group>"; };
		6411C7A61DCC6F9F00159F47 /* SDWebImagePrefetcher.m */ = {isa = PBXFileReference; fileEncoding = 4; lastKnownFileType = sourcecode.c.objc; path = SDWebImagePrefetcher.m; sourceTree = "<group>"; };
		6411C7A71DCC6F9F00159F47 /* UIButton+WebCache.h */ = {isa = PBXFileReference; fileEncoding = 4; lastKnownFileType = sourcecode.c.h; path = "UIButton+WebCache.h"; sourceTree = "<group>"; };
		6411C7A81DCC6F9F00159F47 /* UIButton+WebCache.m */ = {isa = PBXFileReference; fileEncoding = 4; lastKnownFileType = sourcecode.c.objc; path = "UIButton+WebCache.m"; sourceTree = "<group>"; };
		6411C7A91DCC6F9F00159F47 /* UIImage+GIF.h */ = {isa = PBXFileReference; fileEncoding = 4; lastKnownFileType = sourcecode.c.h; path = "UIImage+GIF.h"; sourceTree = "<group>"; };
		6411C7AA1DCC6F9F00159F47 /* UIImage+GIF.m */ = {isa = PBXFileReference; fileEncoding = 4; lastKnownFileType = sourcecode.c.objc; path = "UIImage+GIF.m"; sourceTree = "<group>"; };
		6411C7AB1DCC6F9F00159F47 /* UIImage+MultiFormat.h */ = {isa = PBXFileReference; fileEncoding = 4; lastKnownFileType = sourcecode.c.h; path = "UIImage+MultiFormat.h"; sourceTree = "<group>"; };
		6411C7AC1DCC6F9F00159F47 /* UIImage+MultiFormat.m */ = {isa = PBXFileReference; fileEncoding = 4; lastKnownFileType = sourcecode.c.objc; path = "UIImage+MultiFormat.m"; sourceTree = "<group>"; };
		6411C7AD1DCC6F9F00159F47 /* UIImageView+HighlightedWebCache.h */ = {isa = PBXFileReference; fileEncoding = 4; lastKnownFileType = sourcecode.c.h; path = "UIImageView+HighlightedWebCache.h"; sourceTree = "<group>"; };
		6411C7AE1DCC6F9F00159F47 /* UIImageView+HighlightedWebCache.m */ = {isa = PBXFileReference; fileEncoding = 4; lastKnownFileType = sourcecode.c.objc; path = "UIImageView+HighlightedWebCache.m"; sourceTree = "<group>"; };
		6411C7AF1DCC6F9F00159F47 /* UIImageView+WebCache.h */ = {isa = PBXFileReference; fileEncoding = 4; lastKnownFileType = sourcecode.c.h; path = "UIImageView+WebCache.h"; sourceTree = "<group>"; };
		6411C7B01DCC6F9F00159F47 /* UIImageView+WebCache.m */ = {isa = PBXFileReference; fileEncoding = 4; lastKnownFileType = sourcecode.c.objc; path = "UIImageView+WebCache.m"; sourceTree = "<group>"; };
		6411C7B11DCC6F9F00159F47 /* UIView+WebCacheOperation.h */ = {isa = PBXFileReference; fileEncoding = 4; lastKnownFileType = sourcecode.c.h; path = "UIView+WebCacheOperation.h"; sourceTree = "<group>"; };
		6411C7B21DCC6F9F00159F47 /* UIView+WebCacheOperation.m */ = {isa = PBXFileReference; fileEncoding = 4; lastKnownFileType = sourcecode.c.objc; path = "UIView+WebCacheOperation.m"; sourceTree = "<group>"; };
		6411C7C31DCC73A500159F47 /* UIButton+EdgesInsets.h */ = {isa = PBXFileReference; fileEncoding = 4; lastKnownFileType = sourcecode.c.h; path = "UIButton+EdgesInsets.h"; sourceTree = "<group>"; };
		6411C7C41DCC73A500159F47 /* UIButton+EdgesInsets.m */ = {isa = PBXFileReference; fileEncoding = 4; lastKnownFileType = sourcecode.c.objc; path = "UIButton+EdgesInsets.m"; sourceTree = "<group>"; };
		6411C7CA1DCC8A3B00159F47 /* UIView+Category.h */ = {isa = PBXFileReference; fileEncoding = 4; lastKnownFileType = sourcecode.c.h; path = "UIView+Category.h"; sourceTree = "<group>"; };
		6411C7CB1DCC8A3B00159F47 /* UIView+Category.m */ = {isa = PBXFileReference; fileEncoding = 4; lastKnownFileType = sourcecode.c.objc; path = "UIView+Category.m"; sourceTree = "<group>"; };
		6411C7CD1DCC8B0500159F47 /* SearchView.h */ = {isa = PBXFileReference; fileEncoding = 4; lastKnownFileType = sourcecode.c.h; path = SearchView.h; sourceTree = "<group>"; };
		6411C7CE1DCC8B0500159F47 /* SearchView.m */ = {isa = PBXFileReference; fileEncoding = 4; lastKnownFileType = sourcecode.c.objc; path = SearchView.m; sourceTree = "<group>"; };
		64D682E21DC99181009C0B27 /* BaseViewController.h */ = {isa = PBXFileReference; fileEncoding = 4; lastKnownFileType = sourcecode.c.h; path = BaseViewController.h; sourceTree = "<group>"; };
		64D682E31DC99181009C0B27 /* BaseViewController.m */ = {isa = PBXFileReference; fileEncoding = 4; lastKnownFileType = sourcecode.c.objc; path = BaseViewController.m; sourceTree = "<group>"; };
		64D682E51DC99287009C0B27 /* RootViewController.h */ = {isa = PBXFileReference; fileEncoding = 4; lastKnownFileType = sourcecode.c.h; path = RootViewController.h; sourceTree = "<group>"; };
		64D682E61DC99287009C0B27 /* RootViewController.m */ = {isa = PBXFileReference; fileEncoding = 4; lastKnownFileType = sourcecode.c.objc; path = RootViewController.m; sourceTree = "<group>"; };
		64D682E81DC997CB009C0B27 /* BaseNavViewController.h */ = {isa = PBXFileReference; fileEncoding = 4; lastKnownFileType = sourcecode.c.h; path = BaseNavViewController.h; sourceTree = "<group>"; };
		64D682E91DC997CB009C0B27 /* BaseNavViewController.m */ = {isa = PBXFileReference; fileEncoding = 4; lastKnownFileType = sourcecode.c.objc; path = BaseNavViewController.m; sourceTree = "<group>"; };
		64D682EB1DC9B68D009C0B27 /* MainViewController.h */ = {isa = PBXFileReference; fileEncoding = 4; lastKnownFileType = sourcecode.c.h; path = MainViewController.h; sourceTree = "<group>"; };
		64D682EC1DC9B68D009C0B27 /* MainViewController.m */ = {isa = PBXFileReference; fileEncoding = 4; lastKnownFileType = sourcecode.c.objc; path = MainViewController.m; sourceTree = "<group>"; };
		64D682F01DC9B759009C0B27 /* MessageViewController.h */ = {isa = PBXFileReference; fileEncoding = 4; lastKnownFileType = sourcecode.c.h; path = MessageViewController.h; sourceTree = "<group>"; };
		64D682F11DC9B759009C0B27 /* MessageViewController.m */ = {isa = PBXFileReference; fileEncoding = 4; lastKnownFileType = sourcecode.c.objc; path = MessageViewController.m; sourceTree = "<group>"; };
		64D682F71DC9BA99009C0B27 /* PrefixHeader.pch */ = {isa = PBXFileReference; lastKnownFileType = sourcecode.c.h; path = PrefixHeader.pch; sourceTree = "<group>"; };
		64F0532B1DCB1660002BC965 /* LoginViewController.h */ = {isa = PBXFileReference; fileEncoding = 4; lastKnownFileType = sourcecode.c.h; path = LoginViewController.h; sourceTree = "<group>"; };
		64F0532C1DCB1660002BC965 /* LoginViewController.m */ = {isa = PBXFileReference; fileEncoding = 4; lastKnownFileType = sourcecode.c.objc; path = LoginViewController.m; sourceTree = "<group>"; };
		64F0532D1DCB1660002BC965 /* LoginViewController.xib */ = {isa = PBXFileReference; fileEncoding = 4; lastKnownFileType = file.xib; path = LoginViewController.xib; sourceTree = "<group>"; };
		64F053311DCB16C7002BC965 /* MyViewController.h */ = {isa = PBXFileReference; fileEncoding = 4; lastKnownFileType = sourcecode.c.h; path = MyViewController.h; sourceTree = "<group>"; };
		64F053321DCB16C7002BC965 /* MyViewController.m */ = {isa = PBXFileReference; fileEncoding = 4; lastKnownFileType = sourcecode.c.objc; path = MyViewController.m; sourceTree = "<group>"; };
		64F148BA1DD310C7001DB9D9 /* FMDatabase.h */ = {isa = PBXFileReference; fileEncoding = 4; lastKnownFileType = sourcecode.c.h; path = FMDatabase.h; sourceTree = "<group>"; };
		64F148BB1DD310C7001DB9D9 /* FMDatabase.m */ = {isa = PBXFileReference; fileEncoding = 4; lastKnownFileType = sourcecode.c.objc; path = FMDatabase.m; sourceTree = "<group>"; };
		64F148BC1DD310C7001DB9D9 /* FMDatabaseAdditions.h */ = {isa = PBXFileReference; fileEncoding = 4; lastKnownFileType = sourcecode.c.h; path = FMDatabaseAdditions.h; sourceTree = "<group>"; };
		64F148BD1DD310C7001DB9D9 /* FMDatabaseAdditions.m */ = {isa = PBXFileReference; fileEncoding = 4; lastKnownFileType = sourcecode.c.objc; path = FMDatabaseAdditions.m; sourceTree = "<group>"; };
		64F148BE1DD310C7001DB9D9 /* FMDatabasePool.h */ = {isa = PBXFileReference; fileEncoding = 4; lastKnownFileType = sourcecode.c.h; path = FMDatabasePool.h; sourceTree = "<group>"; };
		64F148BF1DD310C7001DB9D9 /* FMDatabasePool.m */ = {isa = PBXFileReference; fileEncoding = 4; lastKnownFileType = sourcecode.c.objc; path = FMDatabasePool.m; sourceTree = "<group>"; };
		64F148C01DD310C7001DB9D9 /* FMDatabaseQueue.h */ = {isa = PBXFileReference; fileEncoding = 4; lastKnownFileType = sourcecode.c.h; path = FMDatabaseQueue.h; sourceTree = "<group>"; };
		64F148C11DD310C7001DB9D9 /* FMDatabaseQueue.m */ = {isa = PBXFileReference; fileEncoding = 4; lastKnownFileType = sourcecode.c.objc; path = FMDatabaseQueue.m; sourceTree = "<group>"; };
		64F148C21DD310C7001DB9D9 /* FMDB.h */ = {isa = PBXFileReference; fileEncoding = 4; lastKnownFileType = sourcecode.c.h; path = FMDB.h; sourceTree = "<group>"; };
		64F148C31DD310C7001DB9D9 /* FMResultSet.h */ = {isa = PBXFileReference; fileEncoding = 4; lastKnownFileType = sourcecode.c.h; path = FMResultSet.h; sourceTree = "<group>"; };
		64F148C41DD310C7001DB9D9 /* FMResultSet.m */ = {isa = PBXFileReference; fileEncoding = 4; lastKnownFileType = sourcecode.c.objc; path = FMResultSet.m; sourceTree = "<group>"; };
		64F148CB1DD310F2001DB9D9 /* libsqlite3.0.tbd */ = {isa = PBXFileReference; lastKnownFileType = "sourcecode.text-based-dylib-definition"; name = libsqlite3.0.tbd; path = usr/lib/libsqlite3.0.tbd; sourceTree = SDKROOT; };
		64F148CE1DD31161001DB9D9 /* FLFmdbTool.h */ = {isa = PBXFileReference; fileEncoding = 4; lastKnownFileType = sourcecode.c.h; path = FLFmdbTool.h; sourceTree = "<group>"; };
		64F148CF1DD31161001DB9D9 /* FLFmdbTool.m */ = {isa = PBXFileReference; fileEncoding = 4; lastKnownFileType = sourcecode.c.objc; path = FLFmdbTool.m; sourceTree = "<group>"; };
		64F148D21DD31265001DB9D9 /* FLPhoneLoginModel.h */ = {isa = PBXFileReference; fileEncoding = 4; lastKnownFileType = sourcecode.c.h; path = FLPhoneLoginModel.h; sourceTree = "<group>"; };
		64F148D31DD31265001DB9D9 /* FLPhoneLoginModel.m */ = {isa = PBXFileReference; fileEncoding = 4; lastKnownFileType = sourcecode.c.objc; path = FLPhoneLoginModel.m; sourceTree = "<group>"; };
		64F148D51DD31410001DB9D9 /* PhoneLoginUtils.h */ = {isa = PBXFileReference; fileEncoding = 4; lastKnownFileType = sourcecode.c.h; path = PhoneLoginUtils.h; sourceTree = "<group>"; };
		64F148D61DD31410001DB9D9 /* PhoneLoginUtils.m */ = {isa = PBXFileReference; fileEncoding = 4; lastKnownFileType = sourcecode.c.objc; path = PhoneLoginUtils.m; sourceTree = "<group>"; };
		64F22E421DD0109B006947E6 /* ForgetViewController.h */ = {isa = PBXFileReference; fileEncoding = 4; lastKnownFileType = sourcecode.c.h; path = ForgetViewController.h; sourceTree = "<group>"; };
		64F22E431DD0109C006947E6 /* ForgetViewController.m */ = {isa = PBXFileReference; fileEncoding = 4; lastKnownFileType = sourcecode.c.objc; path = ForgetViewController.m; sourceTree = "<group>"; };
		64F22E441DD0109C006947E6 /* ForgetViewController.xib */ = {isa = PBXFileReference; fileEncoding = 4; lastKnownFileType = file.xib; path = ForgetViewController.xib; sourceTree = "<group>"; };
		64F668E61DC9834E0091E026 /* e-Healthy.app */ = {isa = PBXFileReference; explicitFileType = wrapper.application; includeInIndex = 0; path = "e-Healthy.app"; sourceTree = BUILT_PRODUCTS_DIR; };
		64F668EA1DC9834E0091E026 /* main.m */ = {isa = PBXFileReference; lastKnownFileType = sourcecode.c.objc; path = main.m; sourceTree = "<group>"; };
		64F668EC1DC9834E0091E026 /* AppDelegate.h */ = {isa = PBXFileReference; lastKnownFileType = sourcecode.c.h; path = AppDelegate.h; sourceTree = "<group>"; };
		64F668ED1DC9834E0091E026 /* AppDelegate.m */ = {isa = PBXFileReference; lastKnownFileType = sourcecode.c.objc; path = AppDelegate.m; sourceTree = "<group>"; };
		64F668EF1DC9834E0091E026 /* ViewController.h */ = {isa = PBXFileReference; lastKnownFileType = sourcecode.c.h; path = ViewController.h; sourceTree = "<group>"; };
		64F668F01DC9834E0091E026 /* ViewController.m */ = {isa = PBXFileReference; lastKnownFileType = sourcecode.c.objc; path = ViewController.m; sourceTree = "<group>"; };
		64F668F31DC9834E0091E026 /* Base */ = {isa = PBXFileReference; lastKnownFileType = file.storyboard; name = Base; path = Base.lproj/Main.storyboard; sourceTree = "<group>"; };
		64F668F51DC9834E0091E026 /* Assets.xcassets */ = {isa = PBXFileReference; lastKnownFileType = folder.assetcatalog; path = Assets.xcassets; sourceTree = "<group>"; };
		64F668F81DC9834E0091E026 /* Base */ = {isa = PBXFileReference; lastKnownFileType = file.storyboard; name = Base; path = Base.lproj/LaunchScreen.storyboard; sourceTree = "<group>"; };
		64F668FA1DC9834E0091E026 /* Info.plist */ = {isa = PBXFileReference; lastKnownFileType = text.plist.xml; path = Info.plist; sourceTree = "<group>"; };
		64F668FF1DC9834E0091E026 /* e-HealthyTests.xctest */ = {isa = PBXFileReference; explicitFileType = wrapper.cfbundle; includeInIndex = 0; path = "e-HealthyTests.xctest"; sourceTree = BUILT_PRODUCTS_DIR; };
		64F669031DC9834E0091E026 /* e_HealthyTests.m */ = {isa = PBXFileReference; lastKnownFileType = sourcecode.c.objc; path = e_HealthyTests.m; sourceTree = "<group>"; };
		64F669051DC9834E0091E026 /* Info.plist */ = {isa = PBXFileReference; lastKnownFileType = text.plist.xml; path = Info.plist; sourceTree = "<group>"; };
		64F6690A1DC9834E0091E026 /* e-HealthyUITests.xctest */ = {isa = PBXFileReference; explicitFileType = wrapper.cfbundle; includeInIndex = 0; path = "e-HealthyUITests.xctest"; sourceTree = BUILT_PRODUCTS_DIR; };
		64F6690E1DC9834E0091E026 /* e_HealthyUITests.m */ = {isa = PBXFileReference; lastKnownFileType = sourcecode.c.objc; path = e_HealthyUITests.m; sourceTree = "<group>"; };
		64F669101DC9834E0091E026 /* Info.plist */ = {isa = PBXFileReference; lastKnownFileType = text.plist.xml; path = Info.plist; sourceTree = "<group>"; };
		64F754531DCC1D1B00B901D8 /* VerificationLoginViewController.h */ = {isa = PBXFileReference; fileEncoding = 4; lastKnownFileType = sourcecode.c.h; path = VerificationLoginViewController.h; sourceTree = "<group>"; };
		64F754541DCC1D1B00B901D8 /* VerificationLoginViewController.m */ = {isa = PBXFileReference; fileEncoding = 4; lastKnownFileType = sourcecode.c.objc; path = VerificationLoginViewController.m; sourceTree = "<group>"; };
		64F754551DCC1D1B00B901D8 /* VerificationLoginViewController.xib */ = {isa = PBXFileReference; fileEncoding = 4; lastKnownFileType = file.xib; path = VerificationLoginViewController.xib; sourceTree = "<group>"; };
		64F754581DCC312B00B901D8 /* RegisterViewController.h */ = {isa = PBXFileReference; fileEncoding = 4; lastKnownFileType = sourcecode.c.h; path = RegisterViewController.h; sourceTree = "<group>"; };
		64F754591DCC312B00B901D8 /* RegisterViewController.m */ = {isa = PBXFileReference; fileEncoding = 4; lastKnownFileType = sourcecode.c.objc; path = RegisterViewController.m; sourceTree = "<group>"; };
		64F7545A1DCC312B00B901D8 /* RegisterViewController.xib */ = {isa = PBXFileReference; fileEncoding = 4; lastKnownFileType = file.xib; path = RegisterViewController.xib; sourceTree = "<group>"; };
		64F754611DCC3DCF00B901D8 /* UIView+WidthAndCut.h */ = {isa = PBXFileReference; fileEncoding = 4; lastKnownFileType = sourcecode.c.h; path = "UIView+WidthAndCut.h"; sourceTree = "<group>"; };
		64F754621DCC3DCF00B901D8 /* UIView+WidthAndCut.m */ = {isa = PBXFileReference; fileEncoding = 4; lastKnownFileType = sourcecode.c.objc; path = "UIView+WidthAndCut.m"; sourceTree = "<group>"; };
		64F754871DCC57FC00B901D8 /* TAAbstractDotView.h */ = {isa = PBXFileReference; fileEncoding = 4; lastKnownFileType = sourcecode.c.h; path = TAAbstractDotView.h; sourceTree = "<group>"; };
		64F754881DCC57FC00B901D8 /* TAAbstractDotView.m */ = {isa = PBXFileReference; fileEncoding = 4; lastKnownFileType = sourcecode.c.objc; path = TAAbstractDotView.m; sourceTree = "<group>"; };
		64F754891DCC57FC00B901D8 /* TAAnimatedDotView.h */ = {isa = PBXFileReference; fileEncoding = 4; lastKnownFileType = sourcecode.c.h; path = TAAnimatedDotView.h; sourceTree = "<group>"; };
		64F7548A1DCC57FC00B901D8 /* TAAnimatedDotView.m */ = {isa = PBXFileReference; fileEncoding = 4; lastKnownFileType = sourcecode.c.objc; path = TAAnimatedDotView.m; sourceTree = "<group>"; };
		64F7548B1DCC57FC00B901D8 /* TADotView.h */ = {isa = PBXFileReference; fileEncoding = 4; lastKnownFileType = sourcecode.c.h; path = TADotView.h; sourceTree = "<group>"; };
		64F7548C1DCC57FC00B901D8 /* TADotView.m */ = {isa = PBXFileReference; fileEncoding = 4; lastKnownFileType = sourcecode.c.objc; path = TADotView.m; sourceTree = "<group>"; };
		64F7548D1DCC57FC00B901D8 /* TAPageControl.h */ = {isa = PBXFileReference; fileEncoding = 4; lastKnownFileType = sourcecode.c.h; path = TAPageControl.h; sourceTree = "<group>"; };
		64F7548E1DCC57FC00B901D8 /* TAPageControl.m */ = {isa = PBXFileReference; fileEncoding = 4; lastKnownFileType = sourcecode.c.objc; path = TAPageControl.m; sourceTree = "<group>"; };
		64F7548F1DCC57FC00B901D8 /* SDCollectionViewCell.h */ = {isa = PBXFileReference; fileEncoding = 4; lastKnownFileType = sourcecode.c.h; path = SDCollectionViewCell.h; sourceTree = "<group>"; };
		64F754901DCC57FC00B901D8 /* SDCollectionViewCell.m */ = {isa = PBXFileReference; fileEncoding = 4; lastKnownFileType = sourcecode.c.objc; path = SDCollectionViewCell.m; sourceTree = "<group>"; };
		64F754911DCC57FC00B901D8 /* SDCycleScrollView.h */ = {isa = PBXFileReference; fileEncoding = 4; lastKnownFileType = sourcecode.c.h; path = SDCycleScrollView.h; sourceTree = "<group>"; };
		64F754921DCC57FC00B901D8 /* SDCycleScrollView.m */ = {isa = PBXFileReference; fileEncoding = 4; lastKnownFileType = sourcecode.c.objc; path = SDCycleScrollView.m; sourceTree = "<group>"; };
		64F754931DCC57FC00B901D8 /* UIView+SDExtension.h */ = {isa = PBXFileReference; fileEncoding = 4; lastKnownFileType = sourcecode.c.h; path = "UIView+SDExtension.h"; sourceTree = "<group>"; };
		64F754941DCC57FC00B901D8 /* UIView+SDExtension.m */ = {isa = PBXFileReference; fileEncoding = 4; lastKnownFileType = sourcecode.c.objc; path = "UIView+SDExtension.m"; sourceTree = "<group>"; };
/* End PBXFileReference section */

/* Begin PBXFrameworksBuildPhase section */
		64F668E31DC9834E0091E026 /* Frameworks */ = {
			isa = PBXFrameworksBuildPhase;
			buildActionMask = 2147483647;
			files = (
				64F148CC1DD310F2001DB9D9 /* libsqlite3.0.tbd in Frameworks */,
			);
			runOnlyForDeploymentPostprocessing = 0;
		};
		64F668FC1DC9834E0091E026 /* Frameworks */ = {
			isa = PBXFrameworksBuildPhase;
			buildActionMask = 2147483647;
			files = (
			);
			runOnlyForDeploymentPostprocessing = 0;
		};
		64F669071DC9834E0091E026 /* Frameworks */ = {
			isa = PBXFrameworksBuildPhase;
			buildActionMask = 2147483647;
			files = (
			);
			runOnlyForDeploymentPostprocessing = 0;
		};
/* End PBXFrameworksBuildPhase section */

/* Begin PBXGroup section */
		6411C77C1DCC5DA600159F47 /* cell */ = {
			isa = PBXGroup;
			children = (
				6411C77D1DCC5DA600159F47 /* MainCell */,
			);
			path = cell;
			sourceTree = "<group>";
		};
		6411C77D1DCC5DA600159F47 /* MainCell */ = {
			isa = PBXGroup;
			children = (
				6411C77E1DCC5DDF00159F47 /* MainFirstTableViewCell.h */,
				6411C77F1DCC5DDF00159F47 /* MainFirstTableViewCell.m */,
				6411C7801DCC5DDF00159F47 /* MainFirstTableViewCell.xib */,
				6411C7831DCC614700159F47 /* MainSecondTableViewCell.h */,
				6411C7841DCC614700159F47 /* MainSecondTableViewCell.m */,
				6411C7851DCC614700159F47 /* MainSecondTableViewCell.xib */,
				6411C7881DCC680300159F47 /* MainThirdTableViewCell.h */,
				6411C7891DCC680300159F47 /* MainThirdTableViewCell.m */,
				6411C78A1DCC680300159F47 /* MainThirdTableViewCell.xib */,
				6411C78D1DCC6C6400159F47 /* MainFourthTableViewCell.h */,
				6411C78E1DCC6C6400159F47 /* MainFourthTableViewCell.m */,
				6411C78F1DCC6C6400159F47 /* MainFourthTableViewCell.xib */,
			);
			path = MainCell;
			sourceTree = "<group>";
		};
		6411C7921DCC6F9F00159F47 /* SDWebImage */ = {
			isa = PBXGroup;
			children = (
				6411C7931DCC6F9F00159F47 /* LICENSE */,
				6411C7941DCC6F9F00159F47 /* README.md */,
				6411C7951DCC6F9F00159F47 /* SDWebImage */,
			);
			path = SDWebImage;
			sourceTree = "<group>";
		};
		6411C7951DCC6F9F00159F47 /* SDWebImage */ = {
			isa = PBXGroup;
			children = (
				6411C7961DCC6F9F00159F47 /* NSData+ImageContentType.h */,
				6411C7971DCC6F9F00159F47 /* NSData+ImageContentType.m */,
				6411C7981DCC6F9F00159F47 /* SDImageCache.h */,
				6411C7991DCC6F9F00159F47 /* SDImageCache.m */,
				6411C79A1DCC6F9F00159F47 /* SDWebImageCompat.h */,
				6411C79B1DCC6F9F00159F47 /* SDWebImageCompat.m */,
				6411C79C1DCC6F9F00159F47 /* SDWebImageDecoder.h */,
				6411C79D1DCC6F9F00159F47 /* SDWebImageDecoder.m */,
				6411C79E1DCC6F9F00159F47 /* SDWebImageDownloader.h */,
				6411C79F1DCC6F9F00159F47 /* SDWebImageDownloader.m */,
				6411C7A01DCC6F9F00159F47 /* SDWebImageDownloaderOperation.h */,
				6411C7A11DCC6F9F00159F47 /* SDWebImageDownloaderOperation.m */,
				6411C7A21DCC6F9F00159F47 /* SDWebImageManager.h */,
				6411C7A31DCC6F9F00159F47 /* SDWebImageManager.m */,
				6411C7A41DCC6F9F00159F47 /* SDWebImageOperation.h */,
				6411C7A51DCC6F9F00159F47 /* SDWebImagePrefetcher.h */,
				6411C7A61DCC6F9F00159F47 /* SDWebImagePrefetcher.m */,
				6411C7A71DCC6F9F00159F47 /* UIButton+WebCache.h */,
				6411C7A81DCC6F9F00159F47 /* UIButton+WebCache.m */,
				6411C7A91DCC6F9F00159F47 /* UIImage+GIF.h */,
				6411C7AA1DCC6F9F00159F47 /* UIImage+GIF.m */,
				6411C7AB1DCC6F9F00159F47 /* UIImage+MultiFormat.h */,
				6411C7AC1DCC6F9F00159F47 /* UIImage+MultiFormat.m */,
				6411C7AD1DCC6F9F00159F47 /* UIImageView+HighlightedWebCache.h */,
				6411C7AE1DCC6F9F00159F47 /* UIImageView+HighlightedWebCache.m */,
				6411C7AF1DCC6F9F00159F47 /* UIImageView+WebCache.h */,
				6411C7B01DCC6F9F00159F47 /* UIImageView+WebCache.m */,
				6411C7B11DCC6F9F00159F47 /* UIView+WebCacheOperation.h */,
				6411C7B21DCC6F9F00159F47 /* UIView+WebCacheOperation.m */,
			);
			path = SDWebImage;
			sourceTree = "<group>";
		};
		6411C7C61DCC89F400159F47 /* View */ = {
			isa = PBXGroup;
			children = (
				6411C7CD1DCC8B0500159F47 /* SearchView.h */,
				6411C7CE1DCC8B0500159F47 /* SearchView.m */,
			);
			path = View;
			sourceTree = "<group>";
		};
		64D682E11DC9916B009C0B27 /* BaseController */ = {
			isa = PBXGroup;
			children = (
				64D682E21DC99181009C0B27 /* BaseViewController.h */,
				64D682E31DC99181009C0B27 /* BaseViewController.m */,
				64D682E81DC997CB009C0B27 /* BaseNavViewController.h */,
				64D682E91DC997CB009C0B27 /* BaseNavViewController.m */,
			);
			path = BaseController;
			sourceTree = "<group>";
		};
		64D682EF1DC9B73B009C0B27 /* News */ = {
			isa = PBXGroup;
			children = (
				64D682F01DC9B759009C0B27 /* MessageViewController.h */,
				64D682F11DC9B759009C0B27 /* MessageViewController.m */,
			);
			path = News;
			sourceTree = "<group>";
		};
		64F053301DCB16C7002BC965 /* Me */ = {
			isa = PBXGroup;
			children = (
				64F053311DCB16C7002BC965 /* MyViewController.h */,
				64F053321DCB16C7002BC965 /* MyViewController.m */,
			);
			path = Me;
			sourceTree = "<group>";
		};
		64F148B91DD310C7001DB9D9 /* fmdb */ = {
			isa = PBXGroup;
			children = (
				64F148BA1DD310C7001DB9D9 /* FMDatabase.h */,
				64F148BB1DD310C7001DB9D9 /* FMDatabase.m */,
				64F148BC1DD310C7001DB9D9 /* FMDatabaseAdditions.h */,
				64F148BD1DD310C7001DB9D9 /* FMDatabaseAdditions.m */,
				64F148BE1DD310C7001DB9D9 /* FMDatabasePool.h */,
				64F148BF1DD310C7001DB9D9 /* FMDatabasePool.m */,
				64F148C01DD310C7001DB9D9 /* FMDatabaseQueue.h */,
				64F148C11DD310C7001DB9D9 /* FMDatabaseQueue.m */,
				64F148C21DD310C7001DB9D9 /* FMDB.h */,
				64F148C31DD310C7001DB9D9 /* FMResultSet.h */,
				64F148C41DD310C7001DB9D9 /* FMResultSet.m */,
			);
			path = fmdb;
			sourceTree = "<group>";
		};
		64F148CA1DD310F2001DB9D9 /* Frameworks */ = {
			isa = PBXGroup;
			children = (
				64F148CB1DD310F2001DB9D9 /* libsqlite3.0.tbd */,
			);
			name = Frameworks;
			sourceTree = "<group>";
		};
		64F148CD1DD31136001DB9D9 /* Utils */ = {
			isa = PBXGroup;
			children = (
				64F148CE1DD31161001DB9D9 /* FLFmdbTool.h */,
				64F148CF1DD31161001DB9D9 /* FLFmdbTool.m */,
				64F148D51DD31410001DB9D9 /* PhoneLoginUtils.h */,
				64F148D61DD31410001DB9D9 /* PhoneLoginUtils.m */,
			);
			path = Utils;
			sourceTree = "<group>";
		};
		64F148D11DD311E5001DB9D9 /* Model */ = {
			isa = PBXGroup;
			children = (
				64F148D21DD31265001DB9D9 /* FLPhoneLoginModel.h */,
				64F148D31DD31265001DB9D9 /* FLPhoneLoginModel.m */,
			);
			path = Model;
			sourceTree = "<group>";
		};
		64F668DD1DC9834E0091E026 = {
			isa = PBXGroup;
			children = (
				64F668E81DC9834E0091E026 /* e-Healthy */,
				64F669021DC9834E0091E026 /* e-HealthyTests */,
				64F6690D1DC9834E0091E026 /* e-HealthyUITests */,
				64F668E71DC9834E0091E026 /* Products */,
				64F148CA1DD310F2001DB9D9 /* Frameworks */,
			);
			sourceTree = "<group>";
		};
		64F668E71DC9834E0091E026 /* Products */ = {
			isa = PBXGroup;
			children = (
				64F668E61DC9834E0091E026 /* e-Healthy.app */,
				64F668FF1DC9834E0091E026 /* e-HealthyTests.xctest */,
				64F6690A1DC9834E0091E026 /* e-HealthyUITests.xctest */,
			);
			name = Products;
			sourceTree = "<group>";
		};
		64F668E81DC9834E0091E026 /* e-Healthy */ = {
			isa = PBXGroup;
			children = (
				64F148D11DD311E5001DB9D9 /* Model */,
				64F148CD1DD31136001DB9D9 /* Utils */,
				64F754641DCC578900B901D8 /* Library */,
				64F7545D1DCC3AA500B901D8 /* Catogory */,
				64D682E11DC9916B009C0B27 /* BaseController */,
				64F669201DC98C0B0091E026 /* RootController */,
				6411C7C61DCC89F400159F47 /* View */,
				64F6691D1DC98BC80091E026 /* Controller */,
				6411C77C1DCC5DA600159F47 /* cell */,
				64F668EC1DC9834E0091E026 /* AppDelegate.h */,
				64F668ED1DC9834E0091E026 /* AppDelegate.m */,
				64F668EF1DC9834E0091E026 /* ViewController.h */,
				64F668F01DC9834E0091E026 /* ViewController.m */,
				64F668F21DC9834E0091E026 /* Main.storyboard */,
				64F668F51DC9834E0091E026 /* Assets.xcassets */,
				64F668F71DC9834E0091E026 /* LaunchScreen.storyboard */,
				64F668FA1DC9834E0091E026 /* Info.plist */,
				64F668E91DC9834E0091E026 /* Supporting Files */,
			);
			path = "e-Healthy";
			sourceTree = "<group>";
		};
		64F668E91DC9834E0091E026 /* Supporting Files */ = {
			isa = PBXGroup;
			children = (
				64F668EA1DC9834E0091E026 /* main.m */,
				64D682F71DC9BA99009C0B27 /* PrefixHeader.pch */,
			);
			name = "Supporting Files";
			sourceTree = "<group>";
		};
		64F669021DC9834E0091E026 /* e-HealthyTests */ = {
			isa = PBXGroup;
			children = (
				64F669031DC9834E0091E026 /* e_HealthyTests.m */,
				64F669051DC9834E0091E026 /* Info.plist */,
			);
			path = "e-HealthyTests";
			sourceTree = "<group>";
		};
		64F6690D1DC9834E0091E026 /* e-HealthyUITests */ = {
			isa = PBXGroup;
			children = (
				64F6690E1DC9834E0091E026 /* e_HealthyUITests.m */,
				64F669101DC9834E0091E026 /* Info.plist */,
			);
			path = "e-HealthyUITests";
			sourceTree = "<group>";
		};
		64F6691D1DC98BC80091E026 /* Controller */ = {
			isa = PBXGroup;
			children = (
				64F053301DCB16C7002BC965 /* Me */,
				64D682EF1DC9B73B009C0B27 /* News */,
				64F6691E1DC98BC80091E026 /* Login */,
				64F6691F1DC98BC80091E026 /* Main */,
			);
			path = Controller;
			sourceTree = "<group>";
		};
		64F6691E1DC98BC80091E026 /* Login */ = {
			isa = PBXGroup;
			children = (
				64F0532B1DCB1660002BC965 /* LoginViewController.h */,
				64F0532C1DCB1660002BC965 /* LoginViewController.m */,
				64F0532D1DCB1660002BC965 /* LoginViewController.xib */,
				64F754531DCC1D1B00B901D8 /* VerificationLoginViewController.h */,
				64F754541DCC1D1B00B901D8 /* VerificationLoginViewController.m */,
				64F754551DCC1D1B00B901D8 /* VerificationLoginViewController.xib */,
				64F754581DCC312B00B901D8 /* RegisterViewController.h */,
				64F754591DCC312B00B901D8 /* RegisterViewController.m */,
				64F7545A1DCC312B00B901D8 /* RegisterViewController.xib */,
				64F22E421DD0109B006947E6 /* ForgetViewController.h */,
				64F22E431DD0109C006947E6 /* ForgetViewController.m */,
				64F22E441DD0109C006947E6 /* ForgetViewController.xib */,
			);
			path = Login;
			sourceTree = "<group>";
		};
		64F6691F1DC98BC80091E026 /* Main */ = {
			isa = PBXGroup;
			children = (
				64D682EB1DC9B68D009C0B27 /* MainViewController.h */,
				64D682EC1DC9B68D009C0B27 /* MainViewController.m */,
			);
			path = Main;
			sourceTree = "<group>";
		};
		64F669201DC98C0B0091E026 /* RootController */ = {
			isa = PBXGroup;
			children = (
				64D682E51DC99287009C0B27 /* RootViewController.h */,
				64D682E61DC99287009C0B27 /* RootViewController.m */,
			);
			path = RootController;
			sourceTree = "<group>";
		};
		64F7545D1DCC3AA500B901D8 /* Catogory */ = {
			isa = PBXGroup;
			children = (
				6411C7CA1DCC8A3B00159F47 /* UIView+Category.h */,
				6411C7CB1DCC8A3B00159F47 /* UIView+Category.m */,
				64F754611DCC3DCF00B901D8 /* UIView+WidthAndCut.h */,
				64F754621DCC3DCF00B901D8 /* UIView+WidthAndCut.m */,
				6411C7C31DCC73A500159F47 /* UIButton+EdgesInsets.h */,
				6411C7C41DCC73A500159F47 /* UIButton+EdgesInsets.m */,
			);
			path = Catogory;
			sourceTree = "<group>";
		};
		64F754641DCC578900B901D8 /* Library */ = {
			isa = PBXGroup;
			children = (
				64F148B91DD310C7001DB9D9 /* fmdb */,
				6411C7921DCC6F9F00159F47 /* SDWebImage */,
				64F754831DCC57FC00B901D8 /* SDCycleScrollView */,
			);
			path = Library;
			sourceTree = "<group>";
		};
		64F754831DCC57FC00B901D8 /* SDCycleScrollView */ = {
			isa = PBXGroup;
			children = (
				64F754841DCC57FC00B901D8 /* Lib */,
			);
			path = SDCycleScrollView;
			sourceTree = "<group>";
		};
		64F754841DCC57FC00B901D8 /* Lib */ = {
			isa = PBXGroup;
			children = (
				64F754851DCC57FC00B901D8 /* SDCycleScrollView */,
			);
			path = Lib;
			sourceTree = "<group>";
		};
		64F754851DCC57FC00B901D8 /* SDCycleScrollView */ = {
			isa = PBXGroup;
			children = (
				64F754861DCC57FC00B901D8 /* PageControl */,
				64F7548F1DCC57FC00B901D8 /* SDCollectionViewCell.h */,
				64F754901DCC57FC00B901D8 /* SDCollectionViewCell.m */,
				64F754911DCC57FC00B901D8 /* SDCycleScrollView.h */,
				64F754921DCC57FC00B901D8 /* SDCycleScrollView.m */,
				64F754931DCC57FC00B901D8 /* UIView+SDExtension.h */,
				64F754941DCC57FC00B901D8 /* UIView+SDExtension.m */,
			);
			path = SDCycleScrollView;
			sourceTree = "<group>";
		};
		64F754861DCC57FC00B901D8 /* PageControl */ = {
			isa = PBXGroup;
			children = (
				64F754871DCC57FC00B901D8 /* TAAbstractDotView.h */,
				64F754881DCC57FC00B901D8 /* TAAbstractDotView.m */,
				64F754891DCC57FC00B901D8 /* TAAnimatedDotView.h */,
				64F7548A1DCC57FC00B901D8 /* TAAnimatedDotView.m */,
				64F7548B1DCC57FC00B901D8 /* TADotView.h */,
				64F7548C1DCC57FC00B901D8 /* TADotView.m */,
				64F7548D1DCC57FC00B901D8 /* TAPageControl.h */,
				64F7548E1DCC57FC00B901D8 /* TAPageControl.m */,
			);
			path = PageControl;
			sourceTree = "<group>";
		};
/* End PBXGroup section */

/* Begin PBXNativeTarget section */
		64F668E51DC9834E0091E026 /* e-Healthy */ = {
			isa = PBXNativeTarget;
			buildConfigurationList = 64F669131DC9834E0091E026 /* Build configuration list for PBXNativeTarget "e-Healthy" */;
			buildPhases = (
				64F668E21DC9834E0091E026 /* Sources */,
				64F668E31DC9834E0091E026 /* Frameworks */,
				64F668E41DC9834E0091E026 /* Resources */,
			);
			buildRules = (
			);
			dependencies = (
			);
			name = "e-Healthy";
			productName = "e-Healthy";
			productReference = 64F668E61DC9834E0091E026 /* e-Healthy.app */;
			productType = "com.apple.product-type.application";
		};
		64F668FE1DC9834E0091E026 /* e-HealthyTests */ = {
			isa = PBXNativeTarget;
			buildConfigurationList = 64F669161DC9834E0091E026 /* Build configuration list for PBXNativeTarget "e-HealthyTests" */;
			buildPhases = (
				64F668FB1DC9834E0091E026 /* Sources */,
				64F668FC1DC9834E0091E026 /* Frameworks */,
				64F668FD1DC9834E0091E026 /* Resources */,
			);
			buildRules = (
			);
			dependencies = (
				64F669011DC9834E0091E026 /* PBXTargetDependency */,
			);
			name = "e-HealthyTests";
			productName = "e-HealthyTests";
			productReference = 64F668FF1DC9834E0091E026 /* e-HealthyTests.xctest */;
			productType = "com.apple.product-type.bundle.unit-test";
		};
		64F669091DC9834E0091E026 /* e-HealthyUITests */ = {
			isa = PBXNativeTarget;
			buildConfigurationList = 64F669191DC9834E0091E026 /* Build configuration list for PBXNativeTarget "e-HealthyUITests" */;
			buildPhases = (
				64F669061DC9834E0091E026 /* Sources */,
				64F669071DC9834E0091E026 /* Frameworks */,
				64F669081DC9834E0091E026 /* Resources */,
			);
			buildRules = (
			);
			dependencies = (
				64F6690C1DC9834E0091E026 /* PBXTargetDependency */,
			);
			name = "e-HealthyUITests";
			productName = "e-HealthyUITests";
			productReference = 64F6690A1DC9834E0091E026 /* e-HealthyUITests.xctest */;
			productType = "com.apple.product-type.bundle.ui-testing";
		};
/* End PBXNativeTarget section */

/* Begin PBXProject section */
		64F668DE1DC9834E0091E026 /* Project object */ = {
			isa = PBXProject;
			attributes = {
				LastUpgradeCheck = 0800;
				ORGANIZATIONNAME = FangLin;
				TargetAttributes = {
					64F668E51DC9834E0091E026 = {
						CreatedOnToolsVersion = 8.0;
						DevelopmentTeam = L5888F4Z42;
						ProvisioningStyle = Automatic;
					};
					64F668FE1DC9834E0091E026 = {
						CreatedOnToolsVersion = 8.0;
						ProvisioningStyle = Automatic;
						TestTargetID = 64F668E51DC9834E0091E026;
					};
					64F669091DC9834E0091E026 = {
						CreatedOnToolsVersion = 8.0;
						ProvisioningStyle = Automatic;
						TestTargetID = 64F668E51DC9834E0091E026;
					};
				};
			};
			buildConfigurationList = 64F668E11DC9834E0091E026 /* Build configuration list for PBXProject "e-Healthy" */;
			compatibilityVersion = "Xcode 3.2";
			developmentRegion = English;
			hasScannedForEncodings = 0;
			knownRegions = (
				en,
				Base,
			);
			mainGroup = 64F668DD1DC9834E0091E026;
			productRefGroup = 64F668E71DC9834E0091E026 /* Products */;
			projectDirPath = "";
			projectRoot = "";
			targets = (
				64F668E51DC9834E0091E026 /* e-Healthy */,
				64F668FE1DC9834E0091E026 /* e-HealthyTests */,
				64F669091DC9834E0091E026 /* e-HealthyUITests */,
			);
		};
/* End PBXProject section */

/* Begin PBXResourcesBuildPhase section */
		64F668E41DC9834E0091E026 /* Resources */ = {
			isa = PBXResourcesBuildPhase;
			buildActionMask = 2147483647;
			files = (
				6411C7871DCC614700159F47 /* MainSecondTableViewCell.xib in Resources */,
				6411C7821DCC5DDF00159F47 /* MainFirstTableViewCell.xib in Resources */,
				6411C7911DCC6C6400159F47 /* MainFourthTableViewCell.xib in Resources */,
				64F0532F1DCB1660002BC965 /* LoginViewController.xib in Resources */,
				64F668F91DC9834E0091E026 /* LaunchScreen.storyboard in Resources */,
				6411C7B31DCC6F9F00159F47 /* LICENSE in Resources */,
				64F668F61DC9834E0091E026 /* Assets.xcassets in Resources */,
				64F22E461DD0109C006947E6 /* ForgetViewController.xib in Resources */,
				64F668F41DC9834E0091E026 /* Main.storyboard in Resources */,
				6411C78C1DCC680300159F47 /* MainThirdTableViewCell.xib in Resources */,
				64F754571DCC1D1B00B901D8 /* VerificationLoginViewController.xib in Resources */,
				64F7545C1DCC312B00B901D8 /* RegisterViewController.xib in Resources */,
			);
			runOnlyForDeploymentPostprocessing = 0;
		};
		64F668FD1DC9834E0091E026 /* Resources */ = {
			isa = PBXResourcesBuildPhase;
			buildActionMask = 2147483647;
			files = (
			);
			runOnlyForDeploymentPostprocessing = 0;
		};
		64F669081DC9834E0091E026 /* Resources */ = {
			isa = PBXResourcesBuildPhase;
			buildActionMask = 2147483647;
			files = (
			);
			runOnlyForDeploymentPostprocessing = 0;
		};
/* End PBXResourcesBuildPhase section */

/* Begin PBXSourcesBuildPhase section */
		64F668E21DC9834E0091E026 /* Sources */ = {
			isa = PBXSourcesBuildPhase;
			buildActionMask = 2147483647;
			files = (
				6411C78B1DCC680300159F47 /* MainThirdTableViewCell.m in Sources */,
				6411C7C21DCC6F9F00159F47 /* UIView+WebCacheOperation.m in Sources */,
				6411C7BD1DCC6F9F00159F47 /* UIButton+WebCache.m in Sources */,
				64F148C71DD310C7001DB9D9 /* FMDatabasePool.m in Sources */,
				6411C7BB1DCC6F9F00159F47 /* SDWebImageManager.m in Sources */,
				6411C7C51DCC73A500159F47 /* UIButton+EdgesInsets.m in Sources */,
				64F148D01DD31161001DB9D9 /* FLFmdbTool.m in Sources */,
				64F148C91DD310C7001DB9D9 /* FMResultSet.m in Sources */,
				64F668F11DC9834E0091E026 /* ViewController.m in Sources */,
				6411C7811DCC5DDF00159F47 /* MainFirstTableViewCell.m in Sources */,
				6411C7861DCC614700159F47 /* MainSecondTableViewCell.m in Sources */,
				6411C7B91DCC6F9F00159F47 /* SDWebImageDownloader.m in Sources */,
				64F754561DCC1D1B00B901D8 /* VerificationLoginViewController.m in Sources */,
				64F148C81DD310C7001DB9D9 /* FMDatabaseQueue.m in Sources */,
				6411C7B71DCC6F9F00159F47 /* SDWebImageCompat.m in Sources */,
				64D682E41DC99181009C0B27 /* BaseViewController.m in Sources */,
				6411C7C11DCC6F9F00159F47 /* UIImageView+WebCache.m in Sources */,
				64F7549B1DCC57FC00B901D8 /* UIView+SDExtension.m in Sources */,
				64F148C61DD310C7001DB9D9 /* FMDatabaseAdditions.m in Sources */,
				64F754951DCC57FC00B901D8 /* TAAbstractDotView.m in Sources */,
				64F668EE1DC9834E0091E026 /* AppDelegate.m in Sources */,
				6411C7C01DCC6F9F00159F47 /* UIImageView+HighlightedWebCache.m in Sources */,
				64F668EB1DC9834E0091E026 /* main.m in Sources */,
				6411C7B61DCC6F9F00159F47 /* SDImageCache.m in Sources */,
				64F053331DCB16C7002BC965 /* MyViewController.m in Sources */,
				6411C7BF1DCC6F9F00159F47 /* UIImage+MultiFormat.m in Sources */,
				6411C7CC1DCC8A3B00159F47 /* UIView+Category.m in Sources */,
				6411C7BA1DCC6F9F00159F47 /* SDWebImageDownloaderOperation.m in Sources */,
				64F148D41DD31265001DB9D9 /* FLPhoneLoginModel.m in Sources */,
				64F7549A1DCC57FC00B901D8 /* SDCycleScrollView.m in Sources */,
				6411C7CF1DCC8B0500159F47 /* SearchView.m in Sources */,
				6411C7B41DCC6F9F00159F47 /* README.md in Sources */,
				6411C7901DCC6C6400159F47 /* MainFourthTableViewCell.m in Sources */,
				64F22E451DD0109C006947E6 /* ForgetViewController.m in Sources */,
				64F0532E1DCB1660002BC965 /* LoginViewController.m in Sources */,
				64F754961DCC57FC00B901D8 /* TAAnimatedDotView.m in Sources */,
				6411C7B51DCC6F9F00159F47 /* NSData+ImageContentType.m in Sources */,
				64F148C51DD310C7001DB9D9 /* FMDatabase.m in Sources */,
				64F7545B1DCC312B00B901D8 /* RegisterViewController.m in Sources */,
				64D682ED1DC9B68D009C0B27 /* MainViewController.m in Sources */,
				64F754981DCC57FC00B901D8 /* TAPageControl.m in Sources */,
				6411C7B81DCC6F9F00159F47 /* SDWebImageDecoder.m in Sources */,
				64F754631DCC3DCF00B901D8 /* UIView+WidthAndCut.m in Sources */,
				64D682E71DC99287009C0B27 /* RootViewController.m in Sources */,
				64F754971DCC57FC00B901D8 /* TADotView.m in Sources */,
				64D682F21DC9B759009C0B27 /* MessageViewController.m in Sources */,
				6411C7BC1DCC6F9F00159F47 /* SDWebImagePrefetcher.m in Sources */,
				64D682EA1DC997CB009C0B27 /* BaseNavViewController.m in Sources */,
				6411C7BE1DCC6F9F00159F47 /* UIImage+GIF.m in Sources */,
				64F148D71DD31410001DB9D9 /* PhoneLoginUtils.m in Sources */,
				64F754991DCC57FC00B901D8 /* SDCollectionViewCell.m in Sources */,
			);
			runOnlyForDeploymentPostprocessing = 0;
		};
		64F668FB1DC9834E0091E026 /* Sources */ = {
			isa = PBXSourcesBuildPhase;
			buildActionMask = 2147483647;
			files = (
				64F669041DC9834E0091E026 /* e_HealthyTests.m in Sources */,
			);
			runOnlyForDeploymentPostprocessing = 0;
		};
		64F669061DC9834E0091E026 /* Sources */ = {
			isa = PBXSourcesBuildPhase;
			buildActionMask = 2147483647;
			files = (
				64F6690F1DC9834E0091E026 /* e_HealthyUITests.m in Sources */,
			);
			runOnlyForDeploymentPostprocessing = 0;
		};
/* End PBXSourcesBuildPhase section */

/* Begin PBXTargetDependency section */
		64F669011DC9834E0091E026 /* PBXTargetDependency */ = {
			isa = PBXTargetDependency;
			target = 64F668E51DC9834E0091E026 /* e-Healthy */;
			targetProxy = 64F669001DC9834E0091E026 /* PBXContainerItemProxy */;
		};
		64F6690C1DC9834E0091E026 /* PBXTargetDependency */ = {
			isa = PBXTargetDependency;
			target = 64F668E51DC9834E0091E026 /* e-Healthy */;
			targetProxy = 64F6690B1DC9834E0091E026 /* PBXContainerItemProxy */;
		};
/* End PBXTargetDependency section */

/* Begin PBXVariantGroup section */
		64F668F21DC9834E0091E026 /* Main.storyboard */ = {
			isa = PBXVariantGroup;
			children = (
				64F668F31DC9834E0091E026 /* Base */,
			);
			name = Main.storyboard;
			sourceTree = "<group>";
		};
		64F668F71DC9834E0091E026 /* LaunchScreen.storyboard */ = {
			isa = PBXVariantGroup;
			children = (
				64F668F81DC9834E0091E026 /* Base */,
			);
			name = LaunchScreen.storyboard;
			sourceTree = "<group>";
		};
/* End PBXVariantGroup section */

/* Begin XCBuildConfiguration section */
		64F669111DC9834E0091E026 /* Debug */ = {
			isa = XCBuildConfiguration;
			buildSettings = {
				ALWAYS_SEARCH_USER_PATHS = NO;
				CLANG_ANALYZER_NONNULL = YES;
				CLANG_CXX_LANGUAGE_STANDARD = "gnu++0x";
				CLANG_CXX_LIBRARY = "libc++";
				CLANG_ENABLE_MODULES = YES;
				CLANG_ENABLE_OBJC_ARC = YES;
				CLANG_WARN_BOOL_CONVERSION = YES;
				CLANG_WARN_CONSTANT_CONVERSION = YES;
				CLANG_WARN_DIRECT_OBJC_ISA_USAGE = YES_ERROR;
				CLANG_WARN_DOCUMENTATION_COMMENTS = YES;
				CLANG_WARN_EMPTY_BODY = YES;
				CLANG_WARN_ENUM_CONVERSION = YES;
				CLANG_WARN_INFINITE_RECURSION = YES;
				CLANG_WARN_INT_CONVERSION = YES;
				CLANG_WARN_OBJC_ROOT_CLASS = YES_ERROR;
				CLANG_WARN_SUSPICIOUS_MOVES = YES;
				CLANG_WARN_UNREACHABLE_CODE = YES;
				CLANG_WARN__DUPLICATE_METHOD_MATCH = YES;
				"CODE_SIGN_IDENTITY[sdk=iphoneos*]" = "iPhone Developer";
				COPY_PHASE_STRIP = NO;
				DEBUG_INFORMATION_FORMAT = dwarf;
				ENABLE_STRICT_OBJC_MSGSEND = YES;
				ENABLE_TESTABILITY = YES;
				GCC_C_LANGUAGE_STANDARD = gnu99;
				GCC_DYNAMIC_NO_PIC = NO;
				GCC_NO_COMMON_BLOCKS = YES;
				GCC_OPTIMIZATION_LEVEL = 0;
				GCC_PREPROCESSOR_DEFINITIONS = (
					"DEBUG=1",
					"$(inherited)",
				);
				GCC_WARN_64_TO_32_BIT_CONVERSION = YES;
				GCC_WARN_ABOUT_RETURN_TYPE = YES_ERROR;
				GCC_WARN_UNDECLARED_SELECTOR = YES;
				GCC_WARN_UNINITIALIZED_AUTOS = YES_AGGRESSIVE;
				GCC_WARN_UNUSED_FUNCTION = YES;
				GCC_WARN_UNUSED_VARIABLE = YES;
				IPHONEOS_DEPLOYMENT_TARGET = 10.0;
				MTL_ENABLE_DEBUG_INFO = YES;
				ONLY_ACTIVE_ARCH = YES;
				SDKROOT = iphoneos;
			};
			name = Debug;
		};
		64F669121DC9834E0091E026 /* Release */ = {
			isa = XCBuildConfiguration;
			buildSettings = {
				ALWAYS_SEARCH_USER_PATHS = NO;
				CLANG_ANALYZER_NONNULL = YES;
				CLANG_CXX_LANGUAGE_STANDARD = "gnu++0x";
				CLANG_CXX_LIBRARY = "libc++";
				CLANG_ENABLE_MODULES = YES;
				CLANG_ENABLE_OBJC_ARC = YES;
				CLANG_WARN_BOOL_CONVERSION = YES;
				CLANG_WARN_CONSTANT_CONVERSION = YES;
				CLANG_WARN_DIRECT_OBJC_ISA_USAGE = YES_ERROR;
				CLANG_WARN_DOCUMENTATION_COMMENTS = YES;
				CLANG_WARN_EMPTY_BODY = YES;
				CLANG_WARN_ENUM_CONVERSION = YES;
				CLANG_WARN_INFINITE_RECURSION = YES;
				CLANG_WARN_INT_CONVERSION = YES;
				CLANG_WARN_OBJC_ROOT_CLASS = YES_ERROR;
				CLANG_WARN_SUSPICIOUS_MOVES = YES;
				CLANG_WARN_UNREACHABLE_CODE = YES;
				CLANG_WARN__DUPLICATE_METHOD_MATCH = YES;
				"CODE_SIGN_IDENTITY[sdk=iphoneos*]" = "iPhone Developer";
				COPY_PHASE_STRIP = NO;
				DEBUG_INFORMATION_FORMAT = "dwarf-with-dsym";
				ENABLE_NS_ASSERTIONS = NO;
				ENABLE_STRICT_OBJC_MSGSEND = YES;
				GCC_C_LANGUAGE_STANDARD = gnu99;
				GCC_NO_COMMON_BLOCKS = YES;
				GCC_WARN_64_TO_32_BIT_CONVERSION = YES;
				GCC_WARN_ABOUT_RETURN_TYPE = YES_ERROR;
				GCC_WARN_UNDECLARED_SELECTOR = YES;
				GCC_WARN_UNINITIALIZED_AUTOS = YES_AGGRESSIVE;
				GCC_WARN_UNUSED_FUNCTION = YES;
				GCC_WARN_UNUSED_VARIABLE = YES;
				IPHONEOS_DEPLOYMENT_TARGET = 10.0;
				MTL_ENABLE_DEBUG_INFO = NO;
				SDKROOT = iphoneos;
				VALIDATE_PRODUCT = YES;
			};
			name = Release;
		};
		64F669141DC9834E0091E026 /* Debug */ = {
			isa = XCBuildConfiguration;
			buildSettings = {
				ASSETCATALOG_COMPILER_APPICON_NAME = AppIcon;
				DEVELOPMENT_TEAM = L5888F4Z42;
				GCC_PRECOMPILE_PREFIX_HEADER = YES;
				GCC_PREFIX_HEADER = "$(SRCROOT)/e-Healthy/PrefixHeader.pch";
				INFOPLIST_FILE = "e-Healthy/Info.plist";
				LD_RUNPATH_SEARCH_PATHS = "$(inherited) @executable_path/Frameworks";
				PRODUCT_BUNDLE_IDENTIFIER = "com.FL.e-Healthy";
				PRODUCT_NAME = "$(TARGET_NAME)";
			};
			name = Debug;
		};
		64F669151DC9834E0091E026 /* Release */ = {
			isa = XCBuildConfiguration;
			buildSettings = {
				ASSETCATALOG_COMPILER_APPICON_NAME = AppIcon;
				DEVELOPMENT_TEAM = L5888F4Z42;
				GCC_PRECOMPILE_PREFIX_HEADER = YES;
				GCC_PREFIX_HEADER = "$(SRCROOT)/e-Healthy/PrefixHeader.pch";
				INFOPLIST_FILE = "e-Healthy/Info.plist";
				LD_RUNPATH_SEARCH_PATHS = "$(inherited) @executable_path/Frameworks";
				PRODUCT_BUNDLE_IDENTIFIER = "com.FL.e-Healthy";
				PRODUCT_NAME = "$(TARGET_NAME)";
			};
			name = Release;
		};
		64F669171DC9834E0091E026 /* Debug */ = {
			isa = XCBuildConfiguration;
			buildSettings = {
				BUNDLE_LOADER = "$(TEST_HOST)";
				INFOPLIST_FILE = "e-HealthyTests/Info.plist";
				LD_RUNPATH_SEARCH_PATHS = "$(inherited) @executable_path/Frameworks @loader_path/Frameworks";
				PRODUCT_BUNDLE_IDENTIFIER = "com.FL.e-HealthyTests";
				PRODUCT_NAME = "$(TARGET_NAME)";
				TEST_HOST = "$(BUILT_PRODUCTS_DIR)/e-Healthy.app/e-Healthy";
			};
			name = Debug;
		};
		64F669181DC9834E0091E026 /* Release */ = {
			isa = XCBuildConfiguration;
			buildSettings = {
				BUNDLE_LOADER = "$(TEST_HOST)";
				INFOPLIST_FILE = "e-HealthyTests/Info.plist";
				LD_RUNPATH_SEARCH_PATHS = "$(inherited) @executable_path/Frameworks @loader_path/Frameworks";
				PRODUCT_BUNDLE_IDENTIFIER = "com.FL.e-HealthyTests";
				PRODUCT_NAME = "$(TARGET_NAME)";
				TEST_HOST = "$(BUILT_PRODUCTS_DIR)/e-Healthy.app/e-Healthy";
			};
			name = Release;
		};
		64F6691A1DC9834E0091E026 /* Debug */ = {
			isa = XCBuildConfiguration;
			buildSettings = {
				INFOPLIST_FILE = "e-HealthyUITests/Info.plist";
				LD_RUNPATH_SEARCH_PATHS = "$(inherited) @executable_path/Frameworks @loader_path/Frameworks";
				PRODUCT_BUNDLE_IDENTIFIER = "com.FL.e-HealthyUITests";
				PRODUCT_NAME = "$(TARGET_NAME)";
				TEST_TARGET_NAME = "e-Healthy";
			};
			name = Debug;
		};
		64F6691B1DC9834E0091E026 /* Release */ = {
			isa = XCBuildConfiguration;
			buildSettings = {
				INFOPLIST_FILE = "e-HealthyUITests/Info.plist";
				LD_RUNPATH_SEARCH_PATHS = "$(inherited) @executable_path/Frameworks @loader_path/Frameworks";
				PRODUCT_BUNDLE_IDENTIFIER = "com.FL.e-HealthyUITests";
				PRODUCT_NAME = "$(TARGET_NAME)";
				TEST_TARGET_NAME = "e-Healthy";
			};
			name = Release;
		};
/* End XCBuildConfiguration section */

/* Begin XCConfigurationList section */
		64F668E11DC9834E0091E026 /* Build configuration list for PBXProject "e-Healthy" */ = {
			isa = XCConfigurationList;
			buildConfigurations = (
				64F669111DC9834E0091E026 /* Debug */,
				64F669121DC9834E0091E026 /* Release */,
			);
			defaultConfigurationIsVisible = 0;
			defaultConfigurationName = Release;
		};
		64F669131DC9834E0091E026 /* Build configuration list for PBXNativeTarget "e-Healthy" */ = {
			isa = XCConfigurationList;
			buildConfigurations = (
				64F669141DC9834E0091E026 /* Debug */,
				64F669151DC9834E0091E026 /* Release */,
			);
			defaultConfigurationIsVisible = 0;
			defaultConfigurationName = Release;
		};
		64F669161DC9834E0091E026 /* Build configuration list for PBXNativeTarget "e-HealthyTests" */ = {
			isa = XCConfigurationList;
			buildConfigurations = (
				64F669171DC9834E0091E026 /* Debug */,
				64F669181DC9834E0091E026 /* Release */,
			);
			defaultConfigurationIsVisible = 0;
			defaultConfigurationName = Release;
		};
		64F669191DC9834E0091E026 /* Build configuration list for PBXNativeTarget "e-HealthyUITests" */ = {
			isa = XCConfigurationList;
			buildConfigurations = (
				64F6691A1DC9834E0091E026 /* Debug */,
				64F6691B1DC9834E0091E026 /* Release */,
			);
			defaultConfigurationIsVisible = 0;
			defaultConfigurationName = Release;
		};
/* End XCConfigurationList section */
	};
	rootObject = 64F668DE1DC9834E0091E026 /* Project object */;
}
